# generated by rye
# use `rye lock` or `rye sync` to update this lockfile
#
# last locked with the following flags:
#   pre: false
#   features: []
#   all-features: false
#   with-sources: false
#   generate-hashes: false

-e file:.
bibtexparser==1.4.1
    # via bibman
certifi==2024.7.4
    # via requests
charset-normalizer==3.3.2
    # via requests
click==8.1.7
    # via typer
idna==3.7
    # via requests
iniconfig==2.0.0
    # via pytest
markdown-it-py==3.0.0
    # via rich
mdurl==0.1.2
    # via markdown-it-py
packaging==24.1
    # via pytest
pluggy==1.5.0
    # via pytest
pygments==2.18.0
    # via rich
pyparsing==3.1.2
    # via bibtexparser
pytest==8.3.2
requests==2.32.3
    # via bibman
rich==13.7.1
    # via typer
shellingham==1.5.4
    # via typer
typer==0.12.4
    # via bibman
typing-extensions==4.12.2
    # via typer
urllib3==2.2.2
    # via requests
